
Microsoft Visual Studio Solution File, Format Version 12.00
# Visual Studio Version 17
VisualStudioVersion = 17.8.34004.107
MinimumVisualStudioVersion = 10.0.40219.1
Project("{FAE04EC0-301F-11D3-BF4B-00C04F79EFBC}") = "Domain.Platform.Service", "Domain.Platform.Service\Domain.Platform.Service.csproj", "{D9E82E5A-2896-439A-8FA4-8701BC8E8F1D}"
EndProject
Project("{FAE04EC0-301F-11D3-BF4B-00C04F79EFBC}") = "Partner.Copilot.Service", "Partner.Copilot.Service\Partner.Copilot.Service.csproj", "{30BEF22D-7BCD-441B-830F-7B3F83D3A145}"
EndProject
Global
	GlobalSection(SolutionConfigurationPlatforms) = preSolution
		Debug|Any CPU = Debug|Any CPU
		Release|Any CPU = Release|Any CPU
	EndGlobalSection
	GlobalSection(ProjectConfigurationPlatforms) = postSolution
		{D9E82E5A-2896-439A-8FA4-8701BC8E8F1D}.Debug|Any CPU.ActiveCfg = Debug|Any CPU
		{D9E82E5A-2896-439A-8FA4-8701BC8E8F1D}.Debug|Any CPU.Build.0 = Debug|Any CPU
		{D9E82E5A-2896-439A-8FA4-8701BC8E8F1D}.Release|Any CPU.ActiveCfg = Release|Any CPU
		{D9E82E5A-2896-439A-8FA4-8701BC8E8F1D}.Release|Any CPU.Build.0 = Release|Any CPU
		{30BEF22D-7BCD-441B-830F-7B3F83D3A145}.Debug|Any CPU.ActiveCfg = Debug|Any CPU
		{30BEF22D-7BCD-441B-830F-7B3F83D3A145}.Debug|Any CPU.Build.0 = Debug|Any CPU
		{30BEF22D-7BCD-441B-830F-7B3F83D3A145}.Release|Any CPU.ActiveCfg = Release|Any CPU
		{30BEF22D-7BCD-441B-830F-7B3F83D3A145}.Release|Any CPU.Build.0 = Release|Any CPU
	EndGlobalSection
	GlobalSection(SolutionProperties) = preSolution
		HideSolutionNode = FALSE
	EndGlobalSection
	GlobalSection(ExtensibilityGlobals) = postSolution
		SolutionGuid = {EE153DC7-D38A-46F6-8A6D-272910208FBE}
	EndGlobalSection
EndGlobal
